
Microsoft Visual Studio Solution File, Format Version 12.00
# Visual Studio 15
VisualStudioVersion = 15.0.28307.438
MinimumVisualStudioVersion = 10.0.40219.1
Project("{8BC9CEB8-8B4A-11D0-8D11-00A0C91BC942}") = "GLTEST", "GLTEST\GLTEST.vcxproj", "{A5BCDD40-BE1B-4D36-9D5E-FBB1B50B6473}"
EndProject
Global
	GlobalSection(SolutionConfigurationPlatforms) = preSolution
		Debug|x64 = Debug|x64
		Release|x64 = Release|x64
	EndGlobalSection
	GlobalSection(ProjectConfigurationPlatforms) = postSolution
		{A5BCDD40-BE1B-4D36-9D5E-FBB1B50B6473}.Debug|x64.ActiveCfg = Debug|x64
		{A5BCDD40-BE1B-4D36-9D5E-FBB1B50B6473}.Debug|x64.Build.0 = Debug|x64
		{A5BCDD40-BE1B-4D36-9D5E-FBB1B50B6473}.Release|x64.ActiveCfg = Release|x64
		{A5BCDD40-BE1B-4D36-9D5E-FBB1B50B6473}.Release|x64.Build.0 = Release|x64
	EndGlobalSection
	GlobalSection(SolutionProperties) = preSolution
		HideSolutionNode = FALSE
	EndGlobalSection
	GlobalSection(ExtensibilityGlobals) = postSolution
		SolutionGuid = {F3221189-2431-4E8A-9EB5-9EE57B531B62}
	EndGlobalSection
EndGlobal
