Microsoft Visual Studio Solution File, Format Version 12.00
# Visual Studio 15
Project("{2150E333-8FDC-42A3-9474-1A3956D46DE8}") = "CMakePredefinedTargets", "CMakePredefinedTargets", "{CCD39608-105D-3CC2-95A5-87C85E7C2C8A}"
EndProject
Project("{8BC9CEB8-8B4A-11D0-8D11-00A0C91BC942}") = "cpu_version", "cpu_version.vcxproj", "{5A7D53A7-71D0-3819-8BDA-6917480DF441}"
	ProjectSection(ProjectDependencies) = postProject
		{524E0364-50F3-35DE-9FBB-1753031EEFC5} = {524E0364-50F3-35DE-9FBB-1753031EEFC5}
	EndProjectSection
EndProject
Project("{8BC9CEB8-8B4A-11D0-8D11-00A0C91BC942}") = "ALL_BUILD", "ALL_BUILD.vcxproj", "{BB64D586-34AC-3904-B1EA-374759DD59D1}"
	ProjectSection(ProjectDependencies) = postProject
		{524E0364-50F3-35DE-9FBB-1753031EEFC5} = {524E0364-50F3-35DE-9FBB-1753031EEFC5}
		{5A7D53A7-71D0-3819-8BDA-6917480DF441} = {5A7D53A7-71D0-3819-8BDA-6917480DF441}
	EndProjectSection
EndProject
Project("{8BC9CEB8-8B4A-11D0-8D11-00A0C91BC942}") = "ZERO_CHECK", "ZERO_CHECK.vcxproj", "{524E0364-50F3-35DE-9FBB-1753031EEFC5}"
	ProjectSection(ProjectDependencies) = postProject
	EndProjectSection
EndProject
Global
	GlobalSection(SolutionConfigurationPlatforms) = preSolution
		Release|x64 = Release|x64
	EndGlobalSection
	GlobalSection(ProjectConfigurationPlatforms) = postSolution
		{5A7D53A7-71D0-3819-8BDA-6917480DF441}.Release|x64.ActiveCfg = Release|x64
		{5A7D53A7-71D0-3819-8BDA-6917480DF441}.Release|x64.Build.0 = Release|x64
		{BB64D586-34AC-3904-B1EA-374759DD59D1}.Release|x64.ActiveCfg = Release|x64
		{524E0364-50F3-35DE-9FBB-1753031EEFC5}.Release|x64.ActiveCfg = Release|x64
		{524E0364-50F3-35DE-9FBB-1753031EEFC5}.Release|x64.Build.0 = Release|x64
	EndGlobalSection
	GlobalSection(NestedProjects) = preSolution
		{BB64D586-34AC-3904-B1EA-374759DD59D1} = {CCD39608-105D-3CC2-95A5-87C85E7C2C8A}
		{524E0364-50F3-35DE-9FBB-1753031EEFC5} = {CCD39608-105D-3CC2-95A5-87C85E7C2C8A}
	EndGlobalSection
	GlobalSection(ExtensibilityGlobals) = postSolution
		SolutionGuid = {84569A73-C073-3DF0-8599-31C1C169AEB6}
	EndGlobalSection
	GlobalSection(ExtensibilityAddIns) = postSolution
	EndGlobalSection
EndGlobal
